// !$*UTF8*$!
{
	archiveVersion = 1;
	classes = {
	};
	objectVersion = 77;
	objects = {

/* Begin PBXContainerItemProxy section */
		CEA3ECBD2CDE7D230008DF58 /* PBXContainerItemProxy */ = {
			isa = PBXContainerItemProxy;
			containerPortal = CEA3EC9E2CDE7D200008DF58 /* Project object */;
			proxyType = 1;
			remoteGlobalIDString = CEA3ECA52CDE7D200008DF58;
			remoteInfo = CatGeneratorNew;
		};
		CEA3ECC72CDE7D230008DF58 /* PBXContainerItemProxy */ = {
			isa = PBXContainerItemProxy;
			containerPortal = CEA3EC9E2CDE7D200008DF58 /* Project object */;
			proxyType = 1;
			remoteGlobalIDString = CEA3ECA52CDE7D200008DF58;
			remoteInfo = CatGeneratorNew;
		};
/* End PBXContainerItemProxy section */

/* Begin PBXFileReference section */
		CE4E69BF2CF9EA6D00E852D7 /* CatGeneratorNew.app */ = {isa = PBXFileReference; explicitFileType = wrapper.application; includeInIndex = 0; path = CatGeneratorNew.app; sourceTree = BUILT_PRODUCTS_DIR; };
		CEA3ECBC2CDE7D230008DF58 /* CatGeneratorNewTests.xctest */ = {isa = PBXFileReference; explicitFileType = wrapper.cfbundle; includeInIndex = 0; name = CatGeneratorNewTests.xctest; path = "/Users/arsik/proga/swift sweat/CatGeneratorNew/CatGeneratorNew/build/Debug-iphoneos/CatGeneratorNew.app/PlugIns/CatGeneratorNewTests.xctest"; sourceTree = "<absolute>"; };
		CEA3ECC62CDE7D230008DF58 /* CatGeneratorNewUITests.xctest */ = {isa = PBXFileReference; explicitFileType = wrapper.cfbundle; includeInIndex = 0; name = CatGeneratorNewUITests.xctest; path = "/Users/arsik/proga/swift sweat/CatGeneratorNew/CatGeneratorNew/build/Debug-iphoneos/CatGeneratorNewUITests-Runner.app/PlugIns/CatGeneratorNewUITests.xctest"; sourceTree = "<absolute>"; };
/* End PBXFileReference section */

/* Begin PBXFileSystemSynchronizedBuildFileExceptionSet section */
		CE4E69AE2CF8EA3900E852D7 /* Exceptions for "CatGeneratorNew" folder in "CatGeneratorNew" target */ = {
			isa = PBXFileSystemSynchronizedBuildFileExceptionSet;
			membershipExceptions = (
				Resources/Info.plist,
			);
			target = CEA3ECA52CDE7D200008DF58 /* CatGeneratorNew */;
		};
/* End PBXFileSystemSynchronizedBuildFileExceptionSet section */

/* Begin PBXFileSystemSynchronizedRootGroup section */
		CE64C8FE2CF8E80800F57EFC /* CatGeneratorNew */ = {
			isa = PBXFileSystemSynchronizedRootGroup;
			exceptions = (
				CE4E69AE2CF8EA3900E852D7 /* Exceptions for "CatGeneratorNew" folder in "CatGeneratorNew" target */,
			);
			path = CatGeneratorNew;
			sourceTree = "<group>";
		};
/* End PBXFileSystemSynchronizedRootGroup section */

/* Begin PBXFrameworksBuildPhase section */
		CEA3ECA32CDE7D200008DF58 /* Frameworks */ = {
			isa = PBXFrameworksBuildPhase;
			buildActionMask = 2147483647;
			files = (
			);
			runOnlyForDeploymentPostprocessing = 0;
		};
		CEA3ECB92CDE7D230008DF58 /* Frameworks */ = {
			isa = PBXFrameworksBuildPhase;
			buildActionMask = 2147483647;
			files = (
			);
			runOnlyForDeploymentPostprocessing = 0;
		};
		CEA3ECC32CDE7D230008DF58 /* Frameworks */ = {
			isa = PBXFrameworksBuildPhase;
			buildActionMask = 2147483647;
			files = (
			);
			runOnlyForDeploymentPostprocessing = 0;
		};
/* End PBXFrameworksBuildPhase section */

/* Begin PBXGroup section */
		CEA3EC9D2CDE7D200008DF58 = {
			isa = PBXGroup;
			children = (
				CE64C8FE2CF8E80800F57EFC /* CatGeneratorNew */,
				CE4E69BF2CF9EA6D00E852D7 /* CatGeneratorNew.app */,
			);
			sourceTree = "<group>";
		};
/* End PBXGroup section */

/* Begin PBXNativeTarget section */
		CEA3ECA52CDE7D200008DF58 /* CatGeneratorNew */ = {
			isa = PBXNativeTarget;
			buildConfigurationList = CEA3ECCF2CDE7D230008DF58 /* Build configuration list for PBXNativeTarget "CatGeneratorNew" */;
			buildPhases = (
				CEA3ECA22CDE7D200008DF58 /* Sources */,
				CEA3ECA32CDE7D200008DF58 /* Frameworks */,
				CEA3ECA42CDE7D200008DF58 /* Resources */,
			);
			buildRules = (
			);
			dependencies = (
			);
			fileSystemSynchronizedGroups = (
				CE64C8FE2CF8E80800F57EFC /* CatGeneratorNew */,
			);
			name = CatGeneratorNew;
			packageProductDependencies = (
			);
			productName = CatGeneratorNew;
			productReference = CE4E69BF2CF9EA6D00E852D7 /* CatGeneratorNew.app */;
			productType = "com.apple.product-type.application";
		};
		CEA3ECBB2CDE7D230008DF58 /* CatGeneratorNewTests */ = {
			isa = PBXNativeTarget;
			buildConfigurationList = CEA3ECD42CDE7D230008DF58 /* Build configuration list for PBXNativeTarget "CatGeneratorNewTests" */;
			buildPhases = (
				CEA3ECB82CDE7D230008DF58 /* Sources */,
				CEA3ECB92CDE7D230008DF58 /* Frameworks */,
				CEA3ECBA2CDE7D230008DF58 /* Resources */,
			);
			buildRules = (
			);
			dependencies = (
				CEA3ECBE2CDE7D230008DF58 /* PBXTargetDependency */,
			);
			name = CatGeneratorNewTests;
			packageProductDependencies = (
			);
			productName = CatGeneratorNewTests;
			productReference = CEA3ECBC2CDE7D230008DF58 /* CatGeneratorNewTests.xctest */;
			productType = "com.apple.product-type.bundle.unit-test";
		};
		CEA3ECC52CDE7D230008DF58 /* CatGeneratorNewUITests */ = {
			isa = PBXNativeTarget;
			buildConfigurationList = CEA3ECD72CDE7D230008DF58 /* Build configuration list for PBXNativeTarget "CatGeneratorNewUITests" */;
			buildPhases = (
				CEA3ECC22CDE7D230008DF58 /* Sources */,
				CEA3ECC32CDE7D230008DF58 /* Frameworks */,
				CEA3ECC42CDE7D230008DF58 /* Resources */,
			);
			buildRules = (
			);
			dependencies = (
				CEA3ECC82CDE7D230008DF58 /* PBXTargetDependency */,
			);
			name = CatGeneratorNewUITests;
			packageProductDependencies = (
			);
			productName = CatGeneratorNewUITests;
			productReference = CEA3ECC62CDE7D230008DF58 /* CatGeneratorNewUITests.xctest */;
			productType = "com.apple.product-type.bundle.ui-testing";
		};
/* End PBXNativeTarget section */

/* Begin PBXProject section */
		CEA3EC9E2CDE7D200008DF58 /* Project object */ = {
			isa = PBXProject;
			attributes = {
				BuildIndependentTargetsInParallel = 1;
				LastSwiftUpdateCheck = 1600;
				LastUpgradeCheck = 1600;
				TargetAttributes = {
					CEA3ECA52CDE7D200008DF58 = {
						CreatedOnToolsVersion = 16.0;
						LastSwiftMigration = 1600;
					};
					CEA3ECBB2CDE7D230008DF58 = {
						CreatedOnToolsVersion = 16.0;
						TestTargetID = CEA3ECA52CDE7D200008DF58;
					};
					CEA3ECC52CDE7D230008DF58 = {
						CreatedOnToolsVersion = 16.0;
						TestTargetID = CEA3ECA52CDE7D200008DF58;
					};
				};
			};
			buildConfigurationList = CEA3ECA12CDE7D200008DF58 /* Build configuration list for PBXProject "CatGeneratorNew" */;
			developmentRegion = en;
			hasScannedForEncodings = 0;
			knownRegions = (
				en,
				Base,
			);
			mainGroup = CEA3EC9D2CDE7D200008DF58;
			minimizedProjectReferenceProxies = 1;
			preferredProjectObjectVersion = 77;
			productRefGroup = CEA3EC9D2CDE7D200008DF58;
			projectDirPath = "";
			projectRoot = "";
			targets = (
				CEA3ECA52CDE7D200008DF58 /* CatGeneratorNew */,
				CEA3ECBB2CDE7D230008DF58 /* CatGeneratorNewTests */,
				CEA3ECC52CDE7D230008DF58 /* CatGeneratorNewUITests */,
			);
		};
/* End PBXProject section */

/* Begin PBXResourcesBuildPhase section */
		CEA3ECA42CDE7D200008DF58 /* Resources */ = {
			isa = PBXResourcesBuildPhase;
			buildActionMask = 2147483647;
			files = (
			);
			runOnlyForDeploymentPostprocessing = 0;
		};
		CEA3ECBA2CDE7D230008DF58 /* Resources */ = {
			isa = PBXResourcesBuildPhase;
			buildActionMask = 2147483647;
			files = (
			);
			runOnlyForDeploymentPostprocessing = 0;
		};
		CEA3ECC42CDE7D230008DF58 /* Resources */ = {
			isa = PBXResourcesBuildPhase;
			buildActionMask = 2147483647;
			files = (
			);
			runOnlyForDeploymentPostprocessing = 0;
		};
/* End PBXResourcesBuildPhase section */

/* Begin PBXSourcesBuildPhase section */
		CEA3ECA22CDE7D200008DF58 /* Sources */ = {
			isa = PBXSourcesBuildPhase;
			buildActionMask = 2147483647;
			files = (
			);
			runOnlyForDeploymentPostprocessing = 0;
		};
		CEA3ECB82CDE7D230008DF58 /* Sources */ = {
			isa = PBXSourcesBuildPhase;
			buildActionMask = 2147483647;
			files = (
			);
			runOnlyForDeploymentPostprocessing = 0;
		};
		CEA3ECC22CDE7D230008DF58 /* Sources */ = {
			isa = PBXSourcesBuildPhase;
			buildActionMask = 2147483647;
			files = (
			);
			runOnlyForDeploymentPostprocessing = 0;
		};
/* End PBXSourcesBuildPhase section */

/* Begin PBXTargetDependency section */
		CEA3ECBE2CDE7D230008DF58 /* PBXTargetDependency */ = {
			isa = PBXTargetDependency;
			target = CEA3ECA52CDE7D200008DF58 /* CatGeneratorNew */;
			targetProxy = CEA3ECBD2CDE7D230008DF58 /* PBXContainerItemProxy */;
		};
		CEA3ECC82CDE7D230008DF58 /* PBXTargetDependency */ = {
			isa = PBXTargetDependency;
			target = CEA3ECA52CDE7D200008DF58 /* CatGeneratorNew */;
			targetProxy = CEA3ECC72CDE7D230008DF58 /* PBXContainerItemProxy */;
		};
/* End PBXTargetDependency section */

/* Begin XCBuildConfiguration section */
		CEA3ECD02CDE7D230008DF58 /* Debug */ = {
			isa = XCBuildConfiguration;
			buildSettings = {
				ASSETCATALOG_COMPILER_APPICON_NAME = AppIcon;
				ASSETCATALOG_COMPILER_GLOBAL_ACCENT_COLOR_NAME = AccentColor;
				CLANG_ENABLE_MODULES = YES;
				CODE_SIGN_STYLE = Automatic;
				CURRENT_PROJECT_VERSION = 1;
				DEVELOPMENT_TEAM = H895Q3S3C2;
				GENERATE_INFOPLIST_FILE = YES;
				INFOPLIST_FILE = CatGeneratorNew/Resources/Info.plist;
				INFOPLIST_KEY_UIApplicationSupportsIndirectInputEvents = YES;
				INFOPLIST_KEY_UILaunchStoryboardName = LaunchScreen;
				INFOPLIST_KEY_UIMainStoryboardFile = Main;
				INFOPLIST_KEY_UISupportedInterfaceOrientations_iPad = "UIInterfaceOrientationPortrait UIInterfaceOrientationPortraitUpsideDown UIInterfaceOrientationLandscapeLeft UIInterfaceOrientationLandscapeRight";
				INFOPLIST_KEY_UISupportedInterfaceOrientations_iPhone = "UIInterfaceOrientationPortrait UIInterfaceOrientationLandscapeLeft UIInterfaceOrientationLandscapeRight";
				LD_RUNPATH_SEARCH_PATHS = (
					"$(inherited)",
					"@executable_path/Frameworks",
				);
				MARKETING_VERSION = 1.0;
				PRODUCT_BUNDLE_IDENTIFIER = arsalanka.CatGeneratorNew;
				PRODUCT_NAME = "$(TARGET_NAME)";
				SWIFT_EMIT_LOC_STRINGS = YES;
				SWIFT_OBJC_BRIDGING_HEADER = "CatGeneratorNew-Bridging-Header.h";
				SWIFT_OPTIMIZATION_LEVEL = "-Onone";
				SWIFT_VERSION = 5.0;
				TARGETED_DEVICE_FAMILY = "1,2";
			};
			name = Debug;
		};
		CEA3ECD12CDE7D230008DF58 /* Release */ = {
			isa = XCBuildConfiguration;
			buildSettings = {
				ASSETCATALOG_COMPILER_APPICON_NAME = AppIcon;
				ASSETCATALOG_COMPILER_GLOBAL_ACCENT_COLOR_NAME = AccentColor;
				CLANG_ENABLE_MODULES = YES;
				CODE_SIGN_STYLE = Automatic;
				CURRENT_PROJECT_VERSION = 1;
				DEVELOPMENT_TEAM = H895Q3S3C2;
				GENERATE_INFOPLIST_FILE = YES;
				INFOPLIST_FILE = CatGeneratorNew/Resources/Info.plist;
				INFOPLIST_KEY_UIApplicationSupportsIndirectInputEvents = YES;
				INFOPLIST_KEY_UILaunchStoryboardName = LaunchScreen;
				INFOPLIST_KEY_UIMainStoryboardFile = Main;
				INFOPLIST_KEY_UISupportedInterfaceOrientations_iPad = "UIInterfaceOrientationPortrait UIInterfaceOrientationPortraitUpsideDown UIInterfaceOrientationLandscapeLeft UIInterfaceOrientationLandscapeRight";
				INFOPLIST_KEY_UISupportedInterfaceOrientations_iPhone = "UIInterfaceOrientationPortrait UIInterfaceOrientationLandscapeLeft UIInterfaceOrientationLandscapeRight";
				LD_RUNPATH_SEARCH_PATHS = (
					"$(inherited)",
					"@executable_path/Frameworks",
				);
				MARKETING_VERSION = 1.0;
				PRODUCT_BUNDLE_IDENTIFIER = arsalanka.CatGeneratorNew;
				PRODUCT_NAME = "$(TARGET_NAME)";
				SWIFT_EMIT_LOC_STRINGS = YES;
				SWIFT_OBJC_BRIDGING_HEADER = "CatGeneratorNew-Bridging-Header.h";
				SWIFT_VERSION = 5.0;
				TARGETED_DEVICE_FAMILY = "1,2";
			};
			name = Release;
		};
		CEA3ECD22CDE7D230008DF58 /* Debug */ = {
			isa = XCBuildConfiguration;
			buildSettings = {
				ALWAYS_SEARCH_USER_PATHS = NO;
				ASSETCATALOG_COMPILER_GENERATE_SWIFT_ASSET_SYMBOL_EXTENSIONS = YES;
				CLANG_ANALYZER_NONNULL = YES;
				CLANG_ANALYZER_NUMBER_OBJECT_CONVERSION = YES_AGGRESSIVE;
				CLANG_CXX_LANGUAGE_STANDARD = "gnu++20";
				CLANG_ENABLE_MODULES = YES;
				CLANG_ENABLE_OBJC_ARC = YES;
				CLANG_ENABLE_OBJC_WEAK = YES;
				CLANG_WARN_BLOCK_CAPTURE_AUTORELEASING = YES;
				CLANG_WARN_BOOL_CONVERSION = YES;
				CLANG_WARN_COMMA = YES;
				CLANG_WARN_CONSTANT_CONVERSION = YES;
				CLANG_WARN_DEPRECATED_OBJC_IMPLEMENTATIONS = YES;
				CLANG_WARN_DIRECT_OBJC_ISA_USAGE = YES_ERROR;
				CLANG_WARN_DOCUMENTATION_COMMENTS = YES;
				CLANG_WARN_EMPTY_BODY = YES;
				CLANG_WARN_ENUM_CONVERSION = YES;
				CLANG_WARN_INFINITE_RECURSION = YES;
				CLANG_WARN_INT_CONVERSION = YES;
				CLANG_WARN_NON_LITERAL_NULL_CONVERSION = YES;
				CLANG_WARN_OBJC_IMPLICIT_RETAIN_SELF = YES;
				CLANG_WARN_OBJC_LITERAL_CONVERSION = YES;
				CLANG_WARN_OBJC_ROOT_CLASS = YES_ERROR;
				CLANG_WARN_QUOTED_INCLUDE_IN_FRAMEWORK_HEADER = YES;
				CLANG_WARN_RANGE_LOOP_ANALYSIS = YES;
				CLANG_WARN_STRICT_PROTOTYPES = YES;
				CLANG_WARN_SUSPICIOUS_MOVE = YES;
				CLANG_WARN_UNGUARDED_AVAILABILITY = YES_AGGRESSIVE;
				CLANG_WARN_UNREACHABLE_CODE = YES;
				CLANG_WARN__DUPLICATE_METHOD_MATCH = YES;
				COPY_PHASE_STRIP = NO;
				DEBUG_INFORMATION_FORMAT = dwarf;
				ENABLE_STRICT_OBJC_MSGSEND = YES;
				ENABLE_TESTABILITY = YES;
				ENABLE_USER_SCRIPT_SANDBOXING = YES;
				GCC_C_LANGUAGE_STANDARD = gnu17;
				GCC_DYNAMIC_NO_PIC = NO;
				GCC_NO_COMMON_BLOCKS = YES;
				GCC_OPTIMIZATION_LEVEL = 0;
				GCC_PREPROCESSOR_DEFINITIONS = (
					"DEBUG=1",
					"$(inherited)",
				);
				GCC_WARN_64_TO_32_BIT_CONVERSION = YES;
				GCC_WARN_ABOUT_RETURN_TYPE = YES_ERROR;
				GCC_WARN_UNDECLARED_SELECTOR = YES;
				GCC_WARN_UNINITIALIZED_AUTOS = YES_AGGRESSIVE;
				GCC_WARN_UNUSED_FUNCTION = YES;
				GCC_WARN_UNUSED_VARIABLE = YES;
				IPHONEOS_DEPLOYMENT_TARGET = 18.0;
				LOCALIZATION_PREFERS_STRING_CATALOGS = YES;
				MTL_ENABLE_DEBUG_INFO = INCLUDE_SOURCE;
				MTL_FAST_MATH = YES;
				ONLY_ACTIVE_ARCH = YES;
				SDKROOT = iphoneos;
				SWIFT_ACTIVE_COMPILATION_CONDITIONS = "DEBUG $(inherited)";
				SWIFT_OPTIMIZATION_LEVEL = "-Onone";
			};
			name = Debug;
		};
		CEA3ECD32CDE7D230008DF58 /* Release */ = {
			isa = XCBuildConfiguration;
			buildSettings = {
				ALWAYS_SEARCH_USER_PATHS = NO;
				ASSETCATALOG_COMPILER_GENERATE_SWIFT_ASSET_SYMBOL_EXTENSIONS = YES;
				CLANG_ANALYZER_NONNULL = YES;
				CLANG_ANALYZER_NUMBER_OBJECT_CONVERSION = YES_AGGRESSIVE;
				CLANG_CXX_LANGUAGE_STANDARD = "gnu++20";
				CLANG_ENABLE_MODULES = YES;
				CLANG_ENABLE_OBJC_ARC = YES;
				CLANG_ENABLE_OBJC_WEAK = YES;
				CLANG_WARN_BLOCK_CAPTURE_AUTORELEASING = YES;
				CLANG_WARN_BOOL_CONVERSION = YES;
				CLANG_WARN_COMMA = YES;
				CLANG_WARN_CONSTANT_CONVERSION = YES;
				CLANG_WARN_DEPRECATED_OBJC_IMPLEMENTATIONS = YES;
				CLANG_WARN_DIRECT_OBJC_ISA_USAGE = YES_ERROR;
				CLANG_WARN_DOCUMENTATION_COMMENTS = YES;
				CLANG_WARN_EMPTY_BODY = YES;
				CLANG_WARN_ENUM_CONVERSION = YES;
				CLANG_WARN_INFINITE_RECURSION = YES;
				CLANG_WARN_INT_CONVERSION = YES;
				CLANG_WARN_NON_LITERAL_NULL_CONVERSION = YES;
				CLANG_WARN_OBJC_IMPLICIT_RETAIN_SELF = YES;
				CLANG_WARN_OBJC_LITERAL_CONVERSION = YES;
				CLANG_WARN_OBJC_ROOT_CLASS = YES_ERROR;
				CLANG_WARN_QUOTED_INCLUDE_IN_FRAMEWORK_HEADER = YES;
				CLANG_WARN_RANGE_LOOP_ANALYSIS = YES;
				CLANG_WARN_STRICT_PROTOTYPES = YES;
				CLANG_WARN_SUSPICIOUS_MOVE = YES;
				CLANG_WARN_UNGUARDED_AVAILABILITY = YES_AGGRESSIVE;
				CLANG_WARN_UNREACHABLE_CODE = YES;
				CLANG_WARN__DUPLICATE_METHOD_MATCH = YES;
				COPY_PHASE_STRIP = NO;
				DEBUG_INFORMATION_FORMAT = "dwarf-with-dsym";
				ENABLE_NS_ASSERTIONS = NO;
				ENABLE_STRICT_OBJC_MSGSEND = YES;
				ENABLE_USER_SCRIPT_SANDBOXING = YES;
				GCC_C_LANGUAGE_STANDARD = gnu17;
				GCC_NO_COMMON_BLOCKS = YES;
				GCC_WARN_64_TO_32_BIT_CONVERSION = YES;
				GCC_WARN_ABOUT_RETURN_TYPE = YES_ERROR;
				GCC_WARN_UNDECLARED_SELECTOR = YES;
				GCC_WARN_UNINITIALIZED_AUTOS = YES_AGGRESSIVE;
				GCC_WARN_UNUSED_FUNCTION = YES;
				GCC_WARN_UNUSED_VARIABLE = YES;
				IPHONEOS_DEPLOYMENT_TARGET = 18.0;
				LOCALIZATION_PREFERS_STRING_CATALOGS = YES;
				MTL_ENABLE_DEBUG_INFO = NO;
				MTL_FAST_MATH = YES;
				SDKROOT = iphoneos;
				SWIFT_COMPILATION_MODE = wholemodule;
				VALIDATE_PRODUCT = YES;
			};
			name = Release;
		};
		CEA3ECD52CDE7D230008DF58 /* Debug */ = {
			isa = XCBuildConfiguration;
			buildSettings = {
				BUNDLE_LOADER = "$(TEST_HOST)";
				CODE_SIGN_STYLE = Automatic;
				CURRENT_PROJECT_VERSION = 1;
				DEVELOPMENT_TEAM = H895Q3S3C2;
				GENERATE_INFOPLIST_FILE = YES;
				IPHONEOS_DEPLOYMENT_TARGET = 18.0;
				MARKETING_VERSION = 1.0;
				PRODUCT_BUNDLE_IDENTIFIER = arsalanka.CatGeneratorNewTests;
				PRODUCT_NAME = "$(TARGET_NAME)";
				SWIFT_EMIT_LOC_STRINGS = NO;
				SWIFT_VERSION = 5.0;
				TARGETED_DEVICE_FAMILY = "1,2";
				TEST_HOST = "$(BUILT_PRODUCTS_DIR)/CatGeneratorNew.app/$(BUNDLE_EXECUTABLE_FOLDER_PATH)/CatGeneratorNew";
			};
			name = Debug;
		};
		CEA3ECD62CDE7D230008DF58 /* Release */ = {
			isa = XCBuildConfiguration;
			buildSettings = {
				BUNDLE_LOADER = "$(TEST_HOST)";
				CODE_SIGN_STYLE = Automatic;
				CURRENT_PROJECT_VERSION = 1;
				DEVELOPMENT_TEAM = H895Q3S3C2;
				GENERATE_INFOPLIST_FILE = YES;
				IPHONEOS_DEPLOYMENT_TARGET = 18.0;
				MARKETING_VERSION = 1.0;
				PRODUCT_BUNDLE_IDENTIFIER = arsalanka.CatGeneratorNewTests;
				PRODUCT_NAME = "$(TARGET_NAME)";
				SWIFT_EMIT_LOC_STRINGS = NO;
				SWIFT_VERSION = 5.0;
				TARGETED_DEVICE_FAMILY = "1,2";
				TEST_HOST = "$(BUILT_PRODUCTS_DIR)/CatGeneratorNew.app/$(BUNDLE_EXECUTABLE_FOLDER_PATH)/CatGeneratorNew";
			};
			name = Release;
		};
		CEA3ECD82CDE7D230008DF58 /* Debug */ = {
			isa = XCBuildConfiguration;
			buildSettings = {
				CODE_SIGN_STYLE = Automatic;
				CURRENT_PROJECT_VERSION = 1;
				DEVELOPMENT_TEAM = H895Q3S3C2;
				GENERATE_INFOPLIST_FILE = YES;
				MARKETING_VERSION = 1.0;
				PRODUCT_BUNDLE_IDENTIFIER = arsalanka.CatGeneratorNewUITests;
				PRODUCT_NAME = "$(TARGET_NAME)";
				SWIFT_EMIT_LOC_STRINGS = NO;
				SWIFT_VERSION = 5.0;
				TARGETED_DEVICE_FAMILY = "1,2";
				TEST_TARGET_NAME = CatGeneratorNew;
			};
			name = Debug;
		};
		CEA3ECD92CDE7D230008DF58 /* Release */ = {
			isa = XCBuildConfiguration;
			buildSettings = {
				CODE_SIGN_STYLE = Automatic;
				CURRENT_PROJECT_VERSION = 1;
				DEVELOPMENT_TEAM = H895Q3S3C2;
				GENERATE_INFOPLIST_FILE = YES;
				MARKETING_VERSION = 1.0;
				PRODUCT_BUNDLE_IDENTIFIER = arsalanka.CatGeneratorNewUITests;
				PRODUCT_NAME = "$(TARGET_NAME)";
				SWIFT_EMIT_LOC_STRINGS = NO;
				SWIFT_VERSION = 5.0;
				TARGETED_DEVICE_FAMILY = "1,2";
				TEST_TARGET_NAME = CatGeneratorNew;
			};
			name = Release;
		};
/* End XCBuildConfiguration section */

/* Begin XCConfigurationList section */
		CEA3ECA12CDE7D200008DF58 /* Build configuration list for PBXProject "CatGeneratorNew" */ = {
			isa = XCConfigurationList;
			buildConfigurations = (
				CEA3ECD22CDE7D230008DF58 /* Debug */,
				CEA3ECD32CDE7D230008DF58 /* Release */,
			);
			defaultConfigurationIsVisible = 0;
			defaultConfigurationName = Release;
		};
		CEA3ECCF2CDE7D230008DF58 /* Build configuration list for PBXNativeTarget "CatGeneratorNew" */ = {
			isa = XCConfigurationList;
			buildConfigurations = (
				CEA3ECD02CDE7D230008DF58 /* Debug */,
				CEA3ECD12CDE7D230008DF58 /* Release */,
			);
			defaultConfigurationIsVisible = 0;
			defaultConfigurationName = Release;
		};
		CEA3ECD42CDE7D230008DF58 /* Build configuration list for PBXNativeTarget "CatGeneratorNewTests" */ = {
			isa = XCConfigurationList;
			buildConfigurations = (
				CEA3ECD52CDE7D230008DF58 /* Debug */,
				CEA3ECD62CDE7D230008DF58 /* Release */,
			);
			defaultConfigurationIsVisible = 0;
			defaultConfigurationName = Release;
		};
		CEA3ECD72CDE7D230008DF58 /* Build configuration list for PBXNativeTarget "CatGeneratorNewUITests" */ = {
			isa = XCConfigurationList;
			buildConfigurations = (
				CEA3ECD82CDE7D230008DF58 /* Debug */,
				CEA3ECD92CDE7D230008DF58 /* Release */,
			);
			defaultConfigurationIsVisible = 0;
			defaultConfigurationName = Release;
		};
/* End XCConfigurationList section */
	};
	rootObject = CEA3EC9E2CDE7D200008DF58 /* Project object */;
}
